// !$*UTF8*$!
{
	archiveVersion = 1;
	classes = {
	};
	objectVersion = 55;
	objects = {

/* Begin PBXBuildFile section */
		FC2B951F2760E7DE004BC217 /* AppDelegate.swift in Sources */ = {isa = PBXBuildFile; fileRef = FC2B951E2760E7DE004BC217 /* AppDelegate.swift */; };
		FC2B95212760E7DE004BC217 /* SceneDelegate.swift in Sources */ = {isa = PBXBuildFile; fileRef = FC2B95202760E7DE004BC217 /* SceneDelegate.swift */; };
		FC2B95232760E7DE004BC217 /* ViewController.swift in Sources */ = {isa = PBXBuildFile; fileRef = FC2B95222760E7DE004BC217 /* ViewController.swift */; };
		FC2B95262760E7DE004BC217 /* Main.storyboard in Resources */ = {isa = PBXBuildFile; fileRef = FC2B95242760E7DE004BC217 /* Main.storyboard */; };
		FC2B95282760E7E3004BC217 /* Assets.xcassets in Resources */ = {isa = PBXBuildFile; fileRef = FC2B95272760E7E3004BC217 /* Assets.xcassets */; };
		FC2B952B2760E7E3004BC217 /* LaunchScreen.storyboard in Resources */ = {isa = PBXBuildFile; fileRef = FC2B95292760E7E3004BC217 /* LaunchScreen.storyboard */; };
		FC2B95362760E7E3004BC217 /* BeastListTests.swift in Sources */ = {isa = PBXBuildFile; fileRef = FC2B95352760E7E3004BC217 /* BeastListTests.swift */; };
		FC2B95402760E7E3004BC217 /* BeastListUITests.swift in Sources */ = {isa = PBXBuildFile; fileRef = FC2B953F2760E7E3004BC217 /* BeastListUITests.swift */; };
		FC2B95422760E7E3004BC217 /* BeastListUITestsLaunchTests.swift in Sources */ = {isa = PBXBuildFile; fileRef = FC2B95412760E7E3004BC217 /* BeastListUITestsLaunchTests.swift */; };
/* End PBXBuildFile section */

/* Begin PBXContainerItemProxy section */
		FC2B95322760E7E3004BC217 /* PBXContainerItemProxy */ = {
			isa = PBXContainerItemProxy;
			containerPortal = FC2B95132760E7DE004BC217 /* Project object */;
			proxyType = 1;
			remoteGlobalIDString = FC2B951A2760E7DE004BC217;
			remoteInfo = BeastList;
		};
		FC2B953C2760E7E3004BC217 /* PBXContainerItemProxy */ = {
			isa = PBXContainerItemProxy;
			containerPortal = FC2B95132760E7DE004BC217 /* Project object */;
			proxyType = 1;
			remoteGlobalIDString = FC2B951A2760E7DE004BC217;
			remoteInfo = BeastList;
		};
/* End PBXContainerItemProxy section */

/* Begin PBXFileReference section */
		FC2B951B2760E7DE004BC217 /* BeastList.app */ = {isa = PBXFileReference; explicitFileType = wrapper.application; includeInIndex = 0; path = BeastList.app; sourceTree = BUILT_PRODUCTS_DIR; };
		FC2B951E2760E7DE004BC217 /* AppDelegate.swift */ = {isa = PBXFileReference; lastKnownFileType = sourcecode.swift; path = AppDelegate.swift; sourceTree = "<group>"; };
		FC2B95202760E7DE004BC217 /* SceneDelegate.swift */ = {isa = PBXFileReference; lastKnownFileType = sourcecode.swift; path = SceneDelegate.swift; sourceTree = "<group>"; };
		FC2B95222760E7DE004BC217 /* ViewController.swift */ = {isa = PBXFileReference; lastKnownFileType = sourcecode.swift; path = ViewController.swift; sourceTree = "<group>"; };
		FC2B95252760E7DE004BC217 /* Base */ = {isa = PBXFileReference; lastKnownFileType = file.storyboard; name = Base; path = Base.lproj/Main.storyboard; sourceTree = "<group>"; };
		FC2B95272760E7E3004BC217 /* Assets.xcassets */ = {isa = PBXFileReference; lastKnownFileType = folder.assetcatalog; path = Assets.xcassets; sourceTree = "<group>"; };
		FC2B952A2760E7E3004BC217 /* Base */ = {isa = PBXFileReference; lastKnownFileType = file.storyboard; name = Base; path = Base.lproj/LaunchScreen.storyboard; sourceTree = "<group>"; };
		FC2B952C2760E7E3004BC217 /* Info.plist */ = {isa = PBXFileReference; lastKnownFileType = text.plist.xml; path = Info.plist; sourceTree = "<group>"; };
		FC2B95312760E7E3004BC217 /* BeastListTests.xctest */ = {isa = PBXFileReference; explicitFileType = wrapper.cfbundle; includeInIndex = 0; path = BeastListTests.xctest; sourceTree = BUILT_PRODUCTS_DIR; };
		FC2B95352760E7E3004BC217 /* BeastListTests.swift */ = {isa = PBXFileReference; lastKnownFileType = sourcecode.swift; path = BeastListTests.swift; sourceTree = "<group>"; };
		FC2B953B2760E7E3004BC217 /* BeastListUITests.xctest */ = {isa = PBXFileReference; explicitFileType = wrapper.cfbundle; includeInIndex = 0; path = BeastListUITests.xctest; sourceTree = BUILT_PRODUCTS_DIR; };
		FC2B953F2760E7E3004BC217 /* BeastListUITests.swift */ = {isa = PBXFileReference; lastKnownFileType = sourcecode.swift; path = BeastListUITests.swift; sourceTree = "<group>"; };
		FC2B95412760E7E3004BC217 /* BeastListUITestsLaunchTests.swift */ = {isa = PBXFileReference; lastKnownFileType = sourcecode.swift; path = BeastListUITestsLaunchTests.swift; sourceTree = "<group>"; };
/* End PBXFileReference section */

/* Begin PBXFrameworksBuildPhase section */
		FC2B95182760E7DE004BC217 /* Frameworks */ = {
			isa = PBXFrameworksBuildPhase;
			buildActionMask = 2147483647;
			files = (
			);
			runOnlyForDeploymentPostprocessing = 0;
		};
		FC2B952E2760E7E3004BC217 /* Frameworks */ = {
			isa = PBXFrameworksBuildPhase;
			buildActionMask = 2147483647;
			files = (
			);
			runOnlyForDeploymentPostprocessing = 0;
		};
		FC2B95382760E7E3004BC217 /* Frameworks */ = {
			isa = PBXFrameworksBuildPhase;
			buildActionMask = 2147483647;
			files = (
			);
			runOnlyForDeploymentPostprocessing = 0;
		};
/* End PBXFrameworksBuildPhase section */

/* Begin PBXGroup section */
		FC2B95122760E7DE004BC217 = {
			isa = PBXGroup;
			children = (
				FC2B951D2760E7DE004BC217 /* BeastList */,
				FC2B95342760E7E3004BC217 /* BeastListTests */,
				FC2B953E2760E7E3004BC217 /* BeastListUITests */,
				FC2B951C2760E7DE004BC217 /* Products */,
			);
			sourceTree = "<group>";
		};
		FC2B951C2760E7DE004BC217 /* Products */ = {
			isa = PBXGroup;
			children = (
				FC2B951B2760E7DE004BC217 /* BeastList.app */,
				FC2B95312760E7E3004BC217 /* BeastListTests.xctest */,
				FC2B953B2760E7E3004BC217 /* BeastListUITests.xctest */,
			);
			name = Products;
			sourceTree = "<group>";
		};
		FC2B951D2760E7DE004BC217 /* BeastList */ = {
			isa = PBXGroup;
			children = (
				FC2B951E2760E7DE004BC217 /* AppDelegate.swift */,
				FC2B95202760E7DE004BC217 /* SceneDelegate.swift */,
				FC2B95222760E7DE004BC217 /* ViewController.swift */,
				FC2B95242760E7DE004BC217 /* Main.storyboard */,
				FC2B95272760E7E3004BC217 /* Assets.xcassets */,
				FC2B95292760E7E3004BC217 /* LaunchScreen.storyboard */,
				FC2B952C2760E7E3004BC217 /* Info.plist */,
			);
			path = BeastList;
			sourceTree = "<group>";
		};
		FC2B95342760E7E3004BC217 /* BeastListTests */ = {
			isa = PBXGroup;
			children = (
				FC2B95352760E7E3004BC217 /* BeastListTests.swift */,
			);
			path = BeastListTests;
			sourceTree = "<group>";
		};
		FC2B953E2760E7E3004BC217 /* BeastListUITests */ = {
			isa = PBXGroup;
			children = (
				FC2B953F2760E7E3004BC217 /* BeastListUITests.swift */,
				FC2B95412760E7E3004BC217 /* BeastListUITestsLaunchTests.swift */,
			);
			path = BeastListUITests;
			sourceTree = "<group>";
		};
/* End PBXGroup section */

/* Begin PBXNativeTarget section */
		FC2B951A2760E7DE004BC217 /* BeastList */ = {
			isa = PBXNativeTarget;
			buildConfigurationList = FC2B95452760E7E3004BC217 /* Build configuration list for PBXNativeTarget "BeastList" */;
			buildPhases = (
				FC2B95172760E7DE004BC217 /* Sources */,
				FC2B95182760E7DE004BC217 /* Frameworks */,
				FC2B95192760E7DE004BC217 /* Resources */,
			);
			buildRules = (
			);
			dependencies = (
			);
			name = BeastList;
			productName = BeastList;
			productReference = FC2B951B2760E7DE004BC217 /* BeastList.app */;
			productType = "com.apple.product-type.application";
		};
		FC2B95302760E7E3004BC217 /* BeastListTests */ = {
			isa = PBXNativeTarget;
			buildConfigurationList = FC2B95482760E7E3004BC217 /* Build configuration list for PBXNativeTarget "BeastListTests" */;
			buildPhases = (
				FC2B952D2760E7E3004BC217 /* Sources */,
				FC2B952E2760E7E3004BC217 /* Frameworks */,
				FC2B952F2760E7E3004BC217 /* Resources */,
			);
			buildRules = (
			);
			dependencies = (
				FC2B95332760E7E3004BC217 /* PBXTargetDependency */,
			);
			name = BeastListTests;
			productName = BeastListTests;
			productReference = FC2B95312760E7E3004BC217 /* BeastListTests.xctest */;
			productType = "com.apple.product-type.bundle.unit-test";
		};
		FC2B953A2760E7E3004BC217 /* BeastListUITests */ = {
			isa = PBXNativeTarget;
			buildConfigurationList = FC2B954B2760E7E3004BC217 /* Build configuration list for PBXNativeTarget "BeastListUITests" */;
			buildPhases = (
				FC2B95372760E7E3004BC217 /* Sources */,
				FC2B95382760E7E3004BC217 /* Frameworks */,
				FC2B95392760E7E3004BC217 /* Resources */,
			);
			buildRules = (
			);
			dependencies = (
				FC2B953D2760E7E3004BC217 /* PBXTargetDependency */,
			);
			name = BeastListUITests;
			productName = BeastListUITests;
			productReference = FC2B953B2760E7E3004BC217 /* BeastListUITests.xctest */;
			productType = "com.apple.product-type.bundle.ui-testing";
		};
/* End PBXNativeTarget section */

/* Begin PBXProject section */
		FC2B95132760E7DE004BC217 /* Project object */ = {
			isa = PBXProject;
			attributes = {
				BuildIndependentTargetsInParallel = 1;
				LastSwiftUpdateCheck = 1310;
				LastUpgradeCheck = 1310;
				TargetAttributes = {
					FC2B951A2760E7DE004BC217 = {
						CreatedOnToolsVersion = 13.1;
					};
					FC2B95302760E7E3004BC217 = {
						CreatedOnToolsVersion = 13.1;
						TestTargetID = FC2B951A2760E7DE004BC217;
					};
					FC2B953A2760E7E3004BC217 = {
						CreatedOnToolsVersion = 13.1;
						TestTargetID = FC2B951A2760E7DE004BC217;
					};
				};
			};
			buildConfigurationList = FC2B95162760E7DE004BC217 /* Build configuration list for PBXProject "BeastList" */;
			compatibilityVersion = "Xcode 13.0";
			developmentRegion = en;
			hasScannedForEncodings = 0;
			knownRegions = (
				en,
				Base,
			);
			mainGroup = FC2B95122760E7DE004BC217;
			productRefGroup = FC2B951C2760E7DE004BC217 /* Products */;
			projectDirPath = "";
			projectRoot = "";
			targets = (
				FC2B951A2760E7DE004BC217 /* BeastList */,
				FC2B95302760E7E3004BC217 /* BeastListTests */,
				FC2B953A2760E7E3004BC217 /* BeastListUITests */,
			);
		};
/* End PBXProject section */

/* Begin PBXResourcesBuildPhase section */
		FC2B95192760E7DE004BC217 /* Resources */ = {
			isa = PBXResourcesBuildPhase;
			buildActionMask = 2147483647;
			files = (
				FC2B952B2760E7E3004BC217 /* LaunchScreen.storyboard in Resources */,
				FC2B95282760E7E3004BC217 /* Assets.xcassets in Resources */,
				FC2B95262760E7DE004BC217 /* Main.storyboard in Resources */,
			);
			runOnlyForDeploymentPostprocessing = 0;
		};
		FC2B952F2760E7E3004BC217 /* Resources */ = {
			isa = PBXResourcesBuildPhase;
			buildActionMask = 2147483647;
			files = (
			);
			runOnlyForDeploymentPostprocessing = 0;
		};
		FC2B95392760E7E3004BC217 /* Resources */ = {
			isa = PBXResourcesBuildPhase;
			buildActionMask = 2147483647;
			files = (
			);
			runOnlyForDeploymentPostprocessing = 0;
		};
/* End PBXResourcesBuildPhase section */

/* Begin PBXSourcesBuildPhase section */
		FC2B95172760E7DE004BC217 /* Sources */ = {
			isa = PBXSourcesBuildPhase;
			buildActionMask = 2147483647;
			files = (
				FC2B95232760E7DE004BC217 /* ViewController.swift in Sources */,
				FC2B951F2760E7DE004BC217 /* AppDelegate.swift in Sources */,
				FC2B95212760E7DE004BC217 /* SceneDelegate.swift in Sources */,
			);
			runOnlyForDeploymentPostprocessing = 0;
		};
		FC2B952D2760E7E3004BC217 /* Sources */ = {
			isa = PBXSourcesBuildPhase;
			buildActionMask = 2147483647;
			files = (
				FC2B95362760E7E3004BC217 /* BeastListTests.swift in Sources */,
			);
			runOnlyForDeploymentPostprocessing = 0;
		};
		FC2B95372760E7E3004BC217 /* Sources */ = {
			isa = PBXSourcesBuildPhase;
			buildActionMask = 2147483647;
			files = (
				FC2B95422760E7E3004BC217 /* BeastListUITestsLaunchTests.swift in Sources */,
				FC2B95402760E7E3004BC217 /* BeastListUITests.swift in Sources */,
			);
			runOnlyForDeploymentPostprocessing = 0;
		};
/* End PBXSourcesBuildPhase section */

/* Begin PBXTargetDependency section */
		FC2B95332760E7E3004BC217 /* PBXTargetDependency */ = {
			isa = PBXTargetDependency;
			target = FC2B951A2760E7DE004BC217 /* BeastList */;
			targetProxy = FC2B95322760E7E3004BC217 /* PBXContainerItemProxy */;
		};
		FC2B953D2760E7E3004BC217 /* PBXTargetDependency */ = {
			isa = PBXTargetDependency;
			target = FC2B951A2760E7DE004BC217 /* BeastList */;
			targetProxy = FC2B953C2760E7E3004BC217 /* PBXContainerItemProxy */;
		};
/* End PBXTargetDependency section */

/* Begin PBXVariantGroup section */
		FC2B95242760E7DE004BC217 /* Main.storyboard */ = {
			isa = PBXVariantGroup;
			children = (
				FC2B95252760E7DE004BC217 /* Base */,
			);
			name = Main.storyboard;
			sourceTree = "<group>";
		};
		FC2B95292760E7E3004BC217 /* LaunchScreen.storyboard */ = {
			isa = PBXVariantGroup;
			children = (
				FC2B952A2760E7E3004BC217 /* Base */,
			);
			name = LaunchScreen.storyboard;
			sourceTree = "<group>";
		};
/* End PBXVariantGroup section */

/* Begin XCBuildConfiguration section */
		FC2B95432760E7E3004BC217 /* Debug */ = {
			isa = XCBuildConfiguration;
			buildSettings = {
				ALWAYS_SEARCH_USER_PATHS = NO;
				CLANG_ANALYZER_NONNULL = YES;
				CLANG_ANALYZER_NUMBER_OBJECT_CONVERSION = YES_AGGRESSIVE;
				CLANG_CXX_LANGUAGE_STANDARD = "gnu++17";
				CLANG_CXX_LIBRARY = "libc++";
				CLANG_ENABLE_MODULES = YES;
				CLANG_ENABLE_OBJC_ARC = YES;
				CLANG_ENABLE_OBJC_WEAK = YES;
				CLANG_WARN_BLOCK_CAPTURE_AUTORELEASING = YES;
				CLANG_WARN_BOOL_CONVERSION = YES;
				CLANG_WARN_COMMA = YES;
				CLANG_WARN_CONSTANT_CONVERSION = YES;
				CLANG_WARN_DEPRECATED_OBJC_IMPLEMENTATIONS = YES;
				CLANG_WARN_DIRECT_OBJC_ISA_USAGE = YES_ERROR;
				CLANG_WARN_DOCUMENTATION_COMMENTS = YES;
				CLANG_WARN_EMPTY_BODY = YES;
				CLANG_WARN_ENUM_CONVERSION = YES;
				CLANG_WARN_INFINITE_RECURSION = YES;
				CLANG_WARN_INT_CONVERSION = YES;
				CLANG_WARN_NON_LITERAL_NULL_CONVERSION = YES;
				CLANG_WARN_OBJC_IMPLICIT_RETAIN_SELF = YES;
				CLANG_WARN_OBJC_LITERAL_CONVERSION = YES;
				CLANG_WARN_OBJC_ROOT_CLASS = YES_ERROR;
				CLANG_WARN_QUOTED_INCLUDE_IN_FRAMEWORK_HEADER = YES;
				CLANG_WARN_RANGE_LOOP_ANALYSIS = YES;
				CLANG_WARN_STRICT_PROTOTYPES = YES;
				CLANG_WARN_SUSPICIOUS_MOVE = YES;
				CLANG_WARN_UNGUARDED_AVAILABILITY = YES_AGGRESSIVE;
				CLANG_WARN_UNREACHABLE_CODE = YES;
				CLANG_WARN__DUPLICATE_METHOD_MATCH = YES;
				COPY_PHASE_STRIP = NO;
				DEBUG_INFORMATION_FORMAT = dwarf;
				ENABLE_STRICT_OBJC_MSGSEND = YES;
				ENABLE_TESTABILITY = YES;
				GCC_C_LANGUAGE_STANDARD = gnu11;
				GCC_DYNAMIC_NO_PIC = NO;
				GCC_NO_COMMON_BLOCKS = YES;
				GCC_OPTIMIZATION_LEVEL = 0;
				GCC_PREPROCESSOR_DEFINITIONS = (
					"DEBUG=1",
					"$(inherited)",
				);
				GCC_WARN_64_TO_32_BIT_CONVERSION = YES;
				GCC_WARN_ABOUT_RETURN_TYPE = YES_ERROR;
				GCC_WARN_UNDECLARED_SELECTOR = YES;
				GCC_WARN_UNINITIALIZED_AUTOS = YES_AGGRESSIVE;
				GCC_WARN_UNUSED_FUNCTION = YES;
				GCC_WARN_UNUSED_VARIABLE = YES;
				IPHONEOS_DEPLOYMENT_TARGET = 15.0;
				MTL_ENABLE_DEBUG_INFO = INCLUDE_SOURCE;
				MTL_FAST_MATH = YES;
				ONLY_ACTIVE_ARCH = YES;
				SDKROOT = iphoneos;
				SWIFT_ACTIVE_COMPILATION_CONDITIONS = DEBUG;
				SWIFT_OPTIMIZATION_LEVEL = "-Onone";
			};
			name = Debug;
		};
		FC2B95442760E7E3004BC217 /* Release */ = {
			isa = XCBuildConfiguration;
			buildSettings = {
				ALWAYS_SEARCH_USER_PATHS = NO;
				CLANG_ANALYZER_NONNULL = YES;
				CLANG_ANALYZER_NUMBER_OBJECT_CONVERSION = YES_AGGRESSIVE;
				CLANG_CXX_LANGUAGE_STANDARD = "gnu++17";
				CLANG_CXX_LIBRARY = "libc++";
				CLANG_ENABLE_MODULES = YES;
				CLANG_ENABLE_OBJC_ARC = YES;
				CLANG_ENABLE_OBJC_WEAK = YES;
				CLANG_WARN_BLOCK_CAPTURE_AUTORELEASING = YES;
				CLANG_WARN_BOOL_CONVERSION = YES;
				CLANG_WARN_COMMA = YES;
				CLANG_WARN_CONSTANT_CONVERSION = YES;
				CLANG_WARN_DEPRECATED_OBJC_IMPLEMENTATIONS = YES;
				CLANG_WARN_DIRECT_OBJC_ISA_USAGE = YES_ERROR;
				CLANG_WARN_DOCUMENTATION_COMMENTS = YES;
				CLANG_WARN_EMPTY_BODY = YES;
				CLANG_WARN_ENUM_CONVERSION = YES;
				CLANG_WARN_INFINITE_RECURSION = YES;
				CLANG_WARN_INT_CONVERSION = YES;
				CLANG_WARN_NON_LITERAL_NULL_CONVERSION = YES;
				CLANG_WARN_OBJC_IMPLICIT_RETAIN_SELF = YES;
				CLANG_WARN_OBJC_LITERAL_CONVERSION = YES;
				CLANG_WARN_OBJC_ROOT_CLASS = YES_ERROR;
				CLANG_WARN_QUOTED_INCLUDE_IN_FRAMEWORK_HEADER = YES;
				CLANG_WARN_RANGE_LOOP_ANALYSIS = YES;
				CLANG_WARN_STRICT_PROTOTYPES = YES;
				CLANG_WARN_SUSPICIOUS_MOVE = YES;
				CLANG_WARN_UNGUARDED_AVAILABILITY = YES_AGGRESSIVE;
				CLANG_WARN_UNREACHABLE_CODE = YES;
				CLANG_WARN__DUPLICATE_METHOD_MATCH = YES;
				COPY_PHASE_STRIP = NO;
				DEBUG_INFORMATION_FORMAT = "dwarf-with-dsym";
				ENABLE_NS_ASSERTIONS = NO;
				ENABLE_STRICT_OBJC_MSGSEND = YES;
				GCC_C_LANGUAGE_STANDARD = gnu11;
				GCC_NO_COMMON_BLOCKS = YES;
				GCC_WARN_64_TO_32_BIT_CONVERSION = YES;
				GCC_WARN_ABOUT_RETURN_TYPE = YES_ERROR;
				GCC_WARN_UNDECLARED_SELECTOR = YES;
				GCC_WARN_UNINITIALIZED_AUTOS = YES_AGGRESSIVE;
				GCC_WARN_UNUSED_FUNCTION = YES;
				GCC_WARN_UNUSED_VARIABLE = YES;
				IPHONEOS_DEPLOYMENT_TARGET = 15.0;
				MTL_ENABLE_DEBUG_INFO = NO;
				MTL_FAST_MATH = YES;
				SDKROOT = iphoneos;
				SWIFT_COMPILATION_MODE = wholemodule;
				SWIFT_OPTIMIZATION_LEVEL = "-O";
				VALIDATE_PRODUCT = YES;
			};
			name = Release;
		};
		FC2B95462760E7E3004BC217 /* Debug */ = {
			isa = XCBuildConfiguration;
			buildSettings = {
				ASSETCATALOG_COMPILER_APPICON_NAME = AppIcon;
				ASSETCATALOG_COMPILER_GLOBAL_ACCENT_COLOR_NAME = AccentColor;
				CODE_SIGN_STYLE = Automatic;
				CURRENT_PROJECT_VERSION = 1;
				DEVELOPMENT_TEAM = THU336WA8H;
				GENERATE_INFOPLIST_FILE = YES;
				INFOPLIST_FILE = BeastList/Info.plist;
				INFOPLIST_KEY_UIApplicationSupportsIndirectInputEvents = YES;
				INFOPLIST_KEY_UILaunchStoryboardName = LaunchScreen;
				INFOPLIST_KEY_UIMainStoryboardFile = Main;
				INFOPLIST_KEY_UISupportedInterfaceOrientations_iPad = "UIInterfaceOrientationPortrait UIInterfaceOrientationPortraitUpsideDown UIInterfaceOrientationLandscapeLeft UIInterfaceOrientationLandscapeRight";
				INFOPLIST_KEY_UISupportedInterfaceOrientations_iPhone = "UIInterfaceOrientationPortrait UIInterfaceOrientationLandscapeLeft UIInterfaceOrientationLandscapeRight";
				LD_RUNPATH_SEARCH_PATHS = (
					"$(inherited)",
					"@executable_path/Frameworks",
				);
				MARKETING_VERSION = 1.0;
				PRODUCT_BUNDLE_IDENTIFIER = ShahadAlhanaya2021.BeastList;
				PRODUCT_NAME = "$(TARGET_NAME)";
				SWIFT_EMIT_LOC_STRINGS = YES;
				SWIFT_VERSION = 5.0;
				TARGETED_DEVICE_FAMILY = "1,2";
			};
			name = Debug;
		};
		FC2B95472760E7E3004BC217 /* Release */ = {
			isa = XCBuildConfiguration;
			buildSettings = {
				ASSETCATALOG_COMPILER_APPICON_NAME = AppIcon;
				ASSETCATALOG_COMPILER_GLOBAL_ACCENT_COLOR_NAME = AccentColor;
				CODE_SIGN_STYLE = Automatic;
				CURRENT_PROJECT_VERSION = 1;
				DEVELOPMENT_TEAM = THU336WA8H;
				GENERATE_INFOPLIST_FILE = YES;
				INFOPLIST_FILE = BeastList/Info.plist;
				INFOPLIST_KEY_UIApplicationSupportsIndirectInputEvents = YES;
				INFOPLIST_KEY_UILaunchStoryboardName = LaunchScreen;
				INFOPLIST_KEY_UIMainStoryboardFile = Main;
				INFOPLIST_KEY_UISupportedInterfaceOrientations_iPad = "UIInterfaceOrientationPortrait UIInterfaceOrientationPortraitUpsideDown UIInterfaceOrientationLandscapeLeft UIInterfaceOrientationLandscapeRight";
				INFOPLIST_KEY_UISupportedInterfaceOrientations_iPhone = "UIInterfaceOrientationPortrait UIInterfaceOrientationLandscapeLeft UIInterfaceOrientationLandscapeRight";
				LD_RUNPATH_SEARCH_PATHS = (
					"$(inherited)",
					"@executable_path/Frameworks",
				);
				MARKETING_VERSION = 1.0;
				PRODUCT_BUNDLE_IDENTIFIER = ShahadAlhanaya2021.BeastList;
				PRODUCT_NAME = "$(TARGET_NAME)";
				SWIFT_EMIT_LOC_STRINGS = YES;
				SWIFT_VERSION = 5.0;
				TARGETED_DEVICE_FAMILY = "1,2";
			};
			name = Release;
		};
		FC2B95492760E7E3004BC217 /* Debug */ = {
			isa = XCBuildConfiguration;
			buildSettings = {
				ALWAYS_EMBED_SWIFT_STANDARD_LIBRARIES = YES;
				BUNDLE_LOADER = "$(TEST_HOST)";
				CODE_SIGN_STYLE = Automatic;
				CURRENT_PROJECT_VERSION = 1;
				DEVELOPMENT_TEAM = THU336WA8H;
				GENERATE_INFOPLIST_FILE = YES;
				IPHONEOS_DEPLOYMENT_TARGET = 15.0;
				LD_RUNPATH_SEARCH_PATHS = (
					"$(inherited)",
					"@executable_path/Frameworks",
					"@loader_path/Frameworks",
				);
				MARKETING_VERSION = 1.0;
				PRODUCT_BUNDLE_IDENTIFIER = ShahadAlhanaya2021.BeastListTests;
				PRODUCT_NAME = "$(TARGET_NAME)";
				SWIFT_EMIT_LOC_STRINGS = NO;
				SWIFT_VERSION = 5.0;
				TARGETED_DEVICE_FAMILY = "1,2";
				TEST_HOST = "$(BUILT_PRODUCTS_DIR)/BeastList.app/BeastList";
			};
			name = Debug;
		};
		FC2B954A2760E7E3004BC217 /* Release */ = {
			isa = XCBuildConfiguration;
			buildSettings = {
				ALWAYS_EMBED_SWIFT_STANDARD_LIBRARIES = YES;
				BUNDLE_LOADER = "$(TEST_HOST)";
				CODE_SIGN_STYLE = Automatic;
				CURRENT_PROJECT_VERSION = 1;
				DEVELOPMENT_TEAM = THU336WA8H;
				GENERATE_INFOPLIST_FILE = YES;
				IPHONEOS_DEPLOYMENT_TARGET = 15.0;
				LD_RUNPATH_SEARCH_PATHS = (
					"$(inherited)",
					"@executable_path/Frameworks",
					"@loader_path/Frameworks",
				);
				MARKETING_VERSION = 1.0;
				PRODUCT_BUNDLE_IDENTIFIER = ShahadAlhanaya2021.BeastListTests;
				PRODUCT_NAME = "$(TARGET_NAME)";
				SWIFT_EMIT_LOC_STRINGS = NO;
				SWIFT_VERSION = 5.0;
				TARGETED_DEVICE_FAMILY = "1,2";
				TEST_HOST = "$(BUILT_PRODUCTS_DIR)/BeastList.app/BeastList";
			};
			name = Release;
		};
		FC2B954C2760E7E3004BC217 /* Debug */ = {
			isa = XCBuildConfiguration;
			buildSettings = {
				ALWAYS_EMBED_SWIFT_STANDARD_LIBRARIES = YES;
				CODE_SIGN_STYLE = Automatic;
				CURRENT_PROJECT_VERSION = 1;
				DEVELOPMENT_TEAM = THU336WA8H;
				GENERATE_INFOPLIST_FILE = YES;
				LD_RUNPATH_SEARCH_PATHS = (
					"$(inherited)",
					"@executable_path/Frameworks",
					"@loader_path/Frameworks",
				);
				MARKETING_VERSION = 1.0;
				PRODUCT_BUNDLE_IDENTIFIER = ShahadAlhanaya2021.BeastListUITests;
				PRODUCT_NAME = "$(TARGET_NAME)";
				SWIFT_EMIT_LOC_STRINGS = NO;
				SWIFT_VERSION = 5.0;
				TARGETED_DEVICE_FAMILY = "1,2";
				TEST_TARGET_NAME = BeastList;
			};
			name = Debug;
		};
		FC2B954D2760E7E3004BC217 /* Release */ = {
			isa = XCBuildConfiguration;
			buildSettings = {
				ALWAYS_EMBED_SWIFT_STANDARD_LIBRARIES = YES;
				CODE_SIGN_STYLE = Automatic;
				CURRENT_PROJECT_VERSION = 1;
				DEVELOPMENT_TEAM = THU336WA8H;
				GENERATE_INFOPLIST_FILE = YES;
				LD_RUNPATH_SEARCH_PATHS = (
					"$(inherited)",
					"@executable_path/Frameworks",
					"@loader_path/Frameworks",
				);
				MARKETING_VERSION = 1.0;
				PRODUCT_BUNDLE_IDENTIFIER = ShahadAlhanaya2021.BeastListUITests;
				PRODUCT_NAME = "$(TARGET_NAME)";
				SWIFT_EMIT_LOC_STRINGS = NO;
				SWIFT_VERSION = 5.0;
				TARGETED_DEVICE_FAMILY = "1,2";
				TEST_TARGET_NAME = BeastList;
			};
			name = Release;
		};
/* End XCBuildConfiguration section */

/* Begin XCConfigurationList section */
		FC2B95162760E7DE004BC217 /* Build configuration list for PBXProject "BeastList" */ = {
			isa = XCConfigurationList;
			buildConfigurations = (
				FC2B95432760E7E3004BC217 /* Debug */,
				FC2B95442760E7E3004BC217 /* Release */,
			);
			defaultConfigurationIsVisible = 0;
			defaultConfigurationName = Release;
		};
		FC2B95452760E7E3004BC217 /* Build configuration list for PBXNativeTarget "BeastList" */ = {
			isa = XCConfigurationList;
			buildConfigurations = (
				FC2B95462760E7E3004BC217 /* Debug */,
				FC2B95472760E7E3004BC217 /* Release */,
			);
			defaultConfigurationIsVisible = 0;
			defaultConfigurationName = Release;
		};
		FC2B95482760E7E3004BC217 /* Build configuration list for PBXNativeTarget "BeastListTests" */ = {
			isa = XCConfigurationList;
			buildConfigurations = (
				FC2B95492760E7E3004BC217 /* Debug */,
				FC2B954A2760E7E3004BC217 /* Release */,
			);
			defaultConfigurationIsVisible = 0;
			defaultConfigurationName = Release;
		};
		FC2B954B2760E7E3004BC217 /* Build configuration list for PBXNativeTarget "BeastListUITests" */ = {
			isa = XCConfigurationList;
			buildConfigurations = (
				FC2B954C2760E7E3004BC217 /* Debug */,
				FC2B954D2760E7E3004BC217 /* Release */,
			);
			defaultConfigurationIsVisible = 0;
			defaultConfigurationName = Release;
		};
/* End XCConfigurationList section */
	};
	rootObject = FC2B95132760E7DE004BC217 /* Project object */;
}
